{
  "nodes": {
    "gptel-magit-src": {
      "flake": false,
      "locked": {
        "lastModified": 1747729990,
        "narHash": "sha256-AoWGHeO6CPQCuyASOh+xo6FzC2h9Nwdq1nEDNaU0WMs=",
        "owner": "ragnard",
        "repo": "gptel-magit",
        "rev": "f27c01821b67ed99ddf705c2b995f78b71394d8b",
        "type": "github"
      },
      "original": {
        "owner": "ragnard",
        "ref": "f27c018",
        "repo": "gptel-magit",
        "type": "github"
      }
    },
    "gptel-src": {
      "flake": false,
      "locked": {
        "lastModified": 1760072862,
        "narHash": "sha256-XATIKFJ4p2xdOs8e876vdiE6KdBE2Jeb1EFPe7NaVi4=",
        "owner": "karthink",
        "repo": "gptel",
        "rev": "d4a057e561e9945d2fd2081ea7b119f79e353d6e",
        "type": "github"
      },
      "original": {
        "owner": "karthink",
        "ref": "d4a057e",
        "repo": "gptel",
        "type": "github"
      }
    },
    "home-manager": {
      "inputs": {
        "nixpkgs": [
          "nixpkgs"
        ]
      },
      "locked": {
        "lastModified": 1756679287,
        "narHash": "sha256-Xd1vOeY9ccDf5VtVK12yM0FS6qqvfUop8UQlxEB+gTQ=",
        "owner": "nix-community",
        "repo": "home-manager",
        "rev": "07fc025fe10487dd80f2ec694f1cd790e752d0e8",
        "type": "github"
      },
      "original": {
        "owner": "nix-community",
        "ref": "release-25.05",
        "repo": "home-manager",
        "type": "github"
      }
    },
    "impermanence": {
      "locked": {
        "lastModified": 1737831083,
        "narHash": "sha256-LJggUHbpyeDvNagTUrdhe/pRVp4pnS6wVKALS782gRI=",
        "owner": "nix-community",
        "repo": "impermanence",
        "rev": "4b3e914cdf97a5b536a889e939fb2fd2b043a170",
        "type": "github"
      },
      "original": {
        "owner": "nix-community",
        "repo": "impermanence",
        "type": "github"
      }
    },
    "macher-src": {
      "flake": false,
      "locked": {
        "lastModified": 1761110281,
        "narHash": "sha256-f6mHmvqkECs10UpCIPr6Zj215wkJ0GKujQQW+XlZcWY=",
        "owner": "holdenrohrer",
        "repo": "macher",
        "rev": "4ea471e3b818dca7717291a1c09d961f45ac208c",
        "type": "github"
      },
      "original": {
        "owner": "holdenrohrer",
        "ref": "main",
        "repo": "macher",
        "type": "github"
      }
    },
    "nixpkgs": {
      "locked": {
        "lastModified": 1756886854,
        "narHash": "sha256-6tooT142NLcFjt24Gi4B0G1pgWLvfw7y93sYEfSHlLI=",
        "owner": "nixos",
        "repo": "nixpkgs",
        "rev": "0e6684e6c5755325f801bda1751a8a4038145d7d",
        "type": "github"
      },
      "original": {
        "owner": "nixos",
        "ref": "nixos-25.05",
        "repo": "nixpkgs",
        "type": "github"
      }
    },
    "root": {
      "inputs": {
        "gptel-magit-src": "gptel-magit-src",
        "gptel-src": "gptel-src",
        "home-manager": "home-manager",
        "impermanence": "impermanence",
        "macher-src": "macher-src",
        "nixpkgs": "nixpkgs"
      }
    }
  },
  "root": "root",
  "version": 7
}
