{
  "nodes": {
    "claude-code": {
      "inputs": {
        "flake-utils": "flake-utils",
        "nixpkgs": [
          "nixpkgs"
        ]
      },
      "locked": {
        "lastModified": 1783864910,
        "narHash": "sha256-+4Lomkyt8BbFXbS6ZBRvYLowaNNvZAcwFk03uXXs4yY=",
        "owner": "sadjow",
        "repo": "claude-code-nix",
        "rev": "a2e4509a5afffc697f4e3074e29a34436c01bbf3",
        "type": "github"
      },
      "original": {
        "owner": "sadjow",
        "repo": "claude-code-nix",
        "type": "github"
      }
    },
    "claude-code-dbus": {
      "inputs": {
        "nixpkgs": [
          "nixpkgs"
        ]
      },
      "locked": {
        "lastModified": 1773007440,
        "narHash": "sha256-Ph1fFM4uAyhiK16u7LXq3u1ub+mjntDB2H7J0MY8wSA=",
        "owner": "holdenrohrer",
        "repo": "claude-code-dbus",
        "rev": "e6dca9d50f35964ee39d2d84ff5f633629febce5",
        "type": "github"
      },
      "original": {
        "owner": "holdenrohrer",
        "repo": "claude-code-dbus",
        "type": "github"
      }
    },
    "claude-code-ide": {
      "flake": false,
      "locked": {
        "lastModified": 1783000777,
        "narHash": "sha256-pL5PNnemuXHHhQ0wEqhoagyKNdx+ywb2EEru8XWJ0Lc=",
        "owner": "manzaltu",
        "repo": "claude-code-ide.el",
        "rev": "cc508396a09e98931bb588da8542b73fa07733e2",
        "type": "github"
      },
      "original": {
        "owner": "manzaltu",
        "repo": "claude-code-ide.el",
        "type": "github"
      }
    },
    "claude-plugins-public": {
      "flake": false,
      "locked": {
        "lastModified": 1783918873,
        "narHash": "sha256-FSvmA9mpid8lf+HH2BRq9/jR1RXZe1eVIUfxCcxB3jU=",
        "owner": "anthropics",
        "repo": "claude-plugins-public",
        "rev": "108f8f429d6e334578bf51d14776b6753a386214",
        "type": "github"
      },
      "original": {
        "owner": "anthropics",
        "repo": "claude-plugins-public",
        "type": "github"
      }
    },
    "disko": {
      "inputs": {
        "nixpkgs": [
          "nixpkgs"
        ]
      },
      "locked": {
        "lastModified": 1781152676,
        "narHash": "sha256-RxWs5ND31KzTG7wvMM+PMfUjyNpmIEr999lqNARaM5o=",
        "owner": "nix-community",
        "repo": "disko",
        "rev": "ff8702b4de27f72b4c78573dfb89ec74e36abdf1",
        "type": "github"
      },
      "original": {
        "owner": "nix-community",
        "repo": "disko",
        "type": "github"
      }
    },
    "emacs-overlay": {
      "inputs": {
        "nixpkgs": [
          "nixpkgs"
        ],
        "nixpkgs-stable": "nixpkgs-stable"
      },
      "locked": {
        "lastModified": 1783944029,
        "narHash": "sha256-koCSvxhJVO2ceDFmnqT4jpWgrlAb3pACWK7NitZP5bU=",
        "owner": "nix-community",
        "repo": "emacs-overlay",
        "rev": "9bae184ed0c04cf270fbb0c9ba886d49bc9cc5e2",
        "type": "github"
      },
      "original": {
        "owner": "nix-community",
        "repo": "emacs-overlay",
        "type": "github"
      }
    },
    "flake-utils": {
      "inputs": {
        "systems": "systems"
      },
      "locked": {
        "lastModified": 1731533236,
        "narHash": "sha256-l0KFg5HjrsfsO/JpG+r7fRrqm12kzFHyUHqHCVpMMbI=",
        "owner": "numtide",
        "repo": "flake-utils",
        "rev": "11707dc2f618dd54ca8739b309ec4fc024de578b",
        "type": "github"
      },
      "original": {
        "owner": "numtide",
        "repo": "flake-utils",
        "type": "github"
      }
    },
    "gptel-magit-src": {
      "flake": false,
      "locked": {
        "lastModified": 1747729990,
        "narHash": "sha256-AoWGHeO6CPQCuyASOh+xo6FzC2h9Nwdq1nEDNaU0WMs=",
        "owner": "ragnard",
        "repo": "gptel-magit",
        "rev": "f27c01821b67ed99ddf705c2b995f78b71394d8b",
        "type": "github"
      },
      "original": {
        "owner": "ragnard",
        "ref": "main",
        "repo": "gptel-magit",
        "type": "github"
      }
    },
    "gptel-src": {
      "flake": false,
      "locked": {
        "lastModified": 1770969286,
        "narHash": "sha256-qTQhhxpHvm/nOqx5b8ADzx+FFuIsEcGMJUDFZPsdMeM=",
        "owner": "karthink",
        "repo": "gptel",
        "rev": "8879956648cc40e27c624ec6221971b7ab79d457",
        "type": "github"
      },
      "original": {
        "owner": "karthink",
        "ref": "master",
        "repo": "gptel",
        "type": "github"
      }
    },
    "home-manager": {
      "inputs": {
        "nixpkgs": [
          "nixpkgs"
        ]
      },
      "locked": {
        "lastModified": 1779506708,
        "narHash": "sha256-QOD/CNm196nCJRheux/URi4/HE66fthdOMqCJoPP1Y0=",
        "owner": "nix-community",
        "repo": "home-manager",
        "rev": "3ee51fbdac8c8bdfe1e7e1fcaba6520a563f394f",
        "type": "github"
      },
      "original": {
        "owner": "nix-community",
        "ref": "release-25.11",
        "repo": "home-manager",
        "type": "github"
      }
    },
    "home-manager_2": {
      "inputs": {
        "nixpkgs": [
          "impermanence",
          "nixpkgs"
        ]
      },
      "locked": {
        "lastModified": 1768598210,
        "narHash": "sha256-kkgA32s/f4jaa4UG+2f8C225Qvclxnqs76mf8zvTVPg=",
        "owner": "nix-community",
        "repo": "home-manager",
        "rev": "c47b2cc64a629f8e075de52e4742de688f930dc6",
        "type": "github"
      },
      "original": {
        "owner": "nix-community",
        "repo": "home-manager",
        "type": "github"
      }
    },
    "imap-readonly-mcp-src": {
      "flake": false,
      "locked": {
        "lastModified": 1764266866,
        "narHash": "sha256-qP8AjtF0mIrw3w36sB9CvBX/JQbOvFukJu5s4VHVyS8=",
        "owner": "AzizMarashly",
        "repo": "imap-readonly-mcp",
        "rev": "c69bf598e81fda089331ddfb3805449465e89602",
        "type": "github"
      },
      "original": {
        "owner": "AzizMarashly",
        "repo": "imap-readonly-mcp",
        "type": "github"
      }
    },
    "impermanence": {
      "inputs": {
        "home-manager": "home-manager_2",
        "nixpkgs": "nixpkgs"
      },
      "locked": {
        "lastModified": 1769548169,
        "narHash": "sha256-03+JxvzmfwRu+5JafM0DLbxgHttOQZkUtDWBmeUkN8Y=",
        "owner": "nix-community",
        "repo": "impermanence",
        "rev": "7b1d382faf603b6d264f58627330f9faa5cba149",
        "type": "github"
      },
      "original": {
        "owner": "nix-community",
        "repo": "impermanence",
        "type": "github"
      }
    },
    "nixpkgs": {
      "locked": {
        "lastModified": 1768564909,
        "narHash": "sha256-Kell/SpJYVkHWMvnhqJz/8DqQg2b6PguxVWOuadbHCc=",
        "owner": "nixos",
        "repo": "nixpkgs",
        "rev": "e4bae1bd10c9c57b2cf517953ab70060a828ee6f",
        "type": "github"
      },
      "original": {
        "owner": "nixos",
        "ref": "nixos-unstable",
        "repo": "nixpkgs",
        "type": "github"
      }
    },
    "nixpkgs-stable": {
      "locked": {
        "lastModified": 1783856661,
        "narHash": "sha256-ZGP04e+Q6WyQJGA9ZvI5CL6+heGQldbAG9U1T9NGvmU=",
        "owner": "NixOS",
        "repo": "nixpkgs",
        "rev": "569d578509928497eddc3fdbf94a799027050be4",
        "type": "github"
      },
      "original": {
        "owner": "NixOS",
        "ref": "nixos-26.05",
        "repo": "nixpkgs",
        "type": "github"
      }
    },
    "nixpkgs-unstable": {
      "locked": {
        "lastModified": 1783776592,
        "narHash": "sha256-UgCQzxeWI75XM8G+hPrPh+MKzEPjG3SpAj7dtqSbksA=",
        "owner": "nixos",
        "repo": "nixpkgs",
        "rev": "e7a3ca8092b61ff85b6a45bf863ea2b2d6a661b3",
        "type": "github"
      },
      "original": {
        "owner": "nixos",
        "ref": "nixos-unstable",
        "repo": "nixpkgs",
        "type": "github"
      }
    },
    "nixpkgs_2": {
      "locked": {
        "lastModified": 1782847189,
        "narHash": "sha256-twXPFqFsrrY5r28Zh7Homgcp2gUMBgQ6WDS98Q/3xFI=",
        "owner": "nixos",
        "repo": "nixpkgs",
        "rev": "b6018f87da91d19d0ab4cf979885689b469cdd41",
        "type": "github"
      },
      "original": {
        "owner": "nixos",
        "ref": "nixos-25.11",
        "repo": "nixpkgs",
        "type": "github"
      }
    },
    "playwright-mcp-src": {
      "flake": false,
      "locked": {
        "lastModified": 1772046643,
        "narHash": "sha256-AOpcyIFC811izcnrVxsrhniyggWvQH6cUQ4dMCrw2NE=",
        "owner": "microsoft",
        "repo": "playwright-mcp",
        "rev": "43e31e83619c23c07bcfab31cfba24b4c437251b",
        "type": "github"
      },
      "original": {
        "owner": "microsoft",
        "repo": "playwright-mcp",
        "type": "github"
      }
    },
    "root": {
      "inputs": {
        "claude-code": "claude-code",
        "claude-code-dbus": "claude-code-dbus",
        "claude-code-ide": "claude-code-ide",
        "claude-plugins-public": "claude-plugins-public",
        "disko": "disko",
        "emacs-overlay": "emacs-overlay",
        "gptel-magit-src": "gptel-magit-src",
        "gptel-src": "gptel-src",
        "home-manager": "home-manager",
        "imap-readonly-mcp-src": "imap-readonly-mcp-src",
        "impermanence": "impermanence",
        "nixpkgs": "nixpkgs_2",
        "nixpkgs-unstable": "nixpkgs-unstable",
        "playwright-mcp-src": "playwright-mcp-src"
      }
    },
    "systems": {
      "locked": {
        "lastModified": 1681028828,
        "narHash": "sha256-Vy1rq5AaRuLzOxct8nz4T6wlgyUR7zLU309k9mBC768=",
        "owner": "nix-systems",
        "repo": "default",
        "rev": "da67096a3b9bf56a91d16901293e51ba5b49a27e",
        "type": "github"
      },
      "original": {
        "owner": "nix-systems",
        "repo": "default",
        "type": "github"
      }
    }
  },
  "root": "root",
  "version": 7
}
