{
  "nodes": {
    "claude-code-ide": {
      "flake": false,
      "locked": {
        "lastModified": 1767376959,
        "narHash": "sha256-Abs8+r5bQSkRJC74TEq1RRZtvj4TYmL1Vijq6KO9GG4=",
        "owner": "manzaltu",
        "repo": "claude-code-ide.el",
        "rev": "760240d7f03ff16f90ede9d4f4243cd94f3fed73",
        "type": "github"
      },
      "original": {
        "owner": "manzaltu",
        "repo": "claude-code-ide.el",
        "type": "github"
      }
    },
    "gptel-magit-src": {
      "flake": false,
      "locked": {
        "lastModified": 1747729990,
        "narHash": "sha256-AoWGHeO6CPQCuyASOh+xo6FzC2h9Nwdq1nEDNaU0WMs=",
        "owner": "ragnard",
        "repo": "gptel-magit",
        "rev": "f27c01821b67ed99ddf705c2b995f78b71394d8b",
        "type": "github"
      },
      "original": {
        "owner": "ragnard",
        "ref": "main",
        "repo": "gptel-magit",
        "type": "github"
      }
    },
    "gptel-src": {
      "flake": false,
      "locked": {
        "lastModified": 1763491004,
        "narHash": "sha256-mBInxLzXu2t4DH+TeAX7AsLFm9zz/bzD8g4QMtm0aZg=",
        "owner": "karthink",
        "repo": "gptel",
        "rev": "9d6313ce7c6eb71bfb24a8d1edcd60fe4534eea3",
        "type": "github"
      },
      "original": {
        "owner": "karthink",
        "ref": "master",
        "repo": "gptel",
        "type": "github"
      }
    },
    "home-manager": {
      "inputs": {
        "nixpkgs": [
          "nixpkgs"
        ]
      },
      "locked": {
        "lastModified": 1764776959,
        "narHash": "sha256-d+5CGloq7Lo1u2SkzhF8oiOdUc6Z5emh22nTXUB9CFA=",
        "owner": "nix-community",
        "repo": "home-manager",
        "rev": "e1680d594a9281651cbf7d126941a8c8e2396183",
        "type": "github"
      },
      "original": {
        "owner": "nix-community",
        "ref": "release-25.11",
        "repo": "home-manager",
        "type": "github"
      }
    },
    "impermanence": {
      "locked": {
        "lastModified": 1737831083,
        "narHash": "sha256-LJggUHbpyeDvNagTUrdhe/pRVp4pnS6wVKALS782gRI=",
        "owner": "nix-community",
        "repo": "impermanence",
        "rev": "4b3e914cdf97a5b536a889e939fb2fd2b043a170",
        "type": "github"
      },
      "original": {
        "owner": "nix-community",
        "repo": "impermanence",
        "type": "github"
      }
    },
    "nixpkgs": {
      "locked": {
        "lastModified": 1764522689,
        "narHash": "sha256-SqUuBFjhl/kpDiVaKLQBoD8TLD+/cTUzzgVFoaHrkqY=",
        "owner": "nixos",
        "repo": "nixpkgs",
        "rev": "8bb5646e0bed5dbd3ab08c7a7cc15b75ab4e1d0f",
        "type": "github"
      },
      "original": {
        "owner": "nixos",
        "ref": "nixos-25.11",
        "repo": "nixpkgs",
        "type": "github"
      }
    },
    "root": {
      "inputs": {
        "claude-code-ide": "claude-code-ide",
        "gptel-magit-src": "gptel-magit-src",
        "gptel-src": "gptel-src",
        "home-manager": "home-manager",
        "impermanence": "impermanence",
        "nixpkgs": "nixpkgs"
      }
    }
  },
  "root": "root",
  "version": 7
}
